
Microsoft Visual Studio Solution File, Format Version 12.00
# Visual Studio Version 17
VisualStudioVersion = 17.13.35818.85
MinimumVisualStudioVersion = 10.0.40219.1
Project("{FAE04EC0-301F-11D3-BF4B-00C04F79EFBC}") = "password.console", "password.console\password.console.csproj", "{7B076417-817C-4795-99D8-FD8385BE0F12}"
EndProject
Project("{FAE04EC0-301F-11D3-BF4B-00C04F79EFBC}") = "password.console.tests", "password.console.tests\password.console.tests.csproj", "{D559CCE2-7C87-444A-955E-6C575ADC4195}"
EndProject
Project("{FAE04EC0-301F-11D3-BF4B-00C04F79EFBC}") = "password.classlibrary", "password.classlibrary\password.classlibrary.csproj", "{57FCC6AC-17A8-4C30-A471-E202BED32885}"
EndProject
Global
	GlobalSection(SolutionConfigurationPlatforms) = preSolution
		Debug|Any CPU = Debug|Any CPU
		Release|Any CPU = Release|Any CPU
	EndGlobalSection
	GlobalSection(ProjectConfigurationPlatforms) = postSolution
		{7B076417-817C-4795-99D8-FD8385BE0F12}.Debug|Any CPU.ActiveCfg = Debug|Any CPU
		{7B076417-817C-4795-99D8-FD8385BE0F12}.Debug|Any CPU.Build.0 = Debug|Any CPU
		{7B076417-817C-4795-99D8-FD8385BE0F12}.Release|Any CPU.ActiveCfg = Release|Any CPU
		{7B076417-817C-4795-99D8-FD8385BE0F12}.Release|Any CPU.Build.0 = Release|Any CPU
		{D559CCE2-7C87-444A-955E-6C575ADC4195}.Debug|Any CPU.ActiveCfg = Debug|Any CPU
		{D559CCE2-7C87-444A-955E-6C575ADC4195}.Debug|Any CPU.Build.0 = Debug|Any CPU
		{D559CCE2-7C87-444A-955E-6C575ADC4195}.Release|Any CPU.ActiveCfg = Release|Any CPU
		{D559CCE2-7C87-444A-955E-6C575ADC4195}.Release|Any CPU.Build.0 = Release|Any CPU
		{57FCC6AC-17A8-4C30-A471-E202BED32885}.Debug|Any CPU.ActiveCfg = Debug|Any CPU
		{57FCC6AC-17A8-4C30-A471-E202BED32885}.Debug|Any CPU.Build.0 = Debug|Any CPU
		{57FCC6AC-17A8-4C30-A471-E202BED32885}.Release|Any CPU.ActiveCfg = Release|Any CPU
		{57FCC6AC-17A8-4C30-A471-E202BED32885}.Release|Any CPU.Build.0 = Release|Any CPU
	EndGlobalSection
	GlobalSection(SolutionProperties) = preSolution
		HideSolutionNode = FALSE
	EndGlobalSection
	GlobalSection(ExtensibilityGlobals) = postSolution
		SolutionGuid = {2B7B4A8A-A4B2-45E9-BE02-7ADBCD0529B6}
	EndGlobalSection
EndGlobal
